// !$*UTF8*$!
{
	archiveVersion = 1;
	classes = {
	};
	objectVersion = 48;
	objects = {

/* Begin PBXBuildFile section */
		A7CF1B1DBAA65D52F5BCDA73 /* Pods_FlickrClone.framework in Frameworks */ = {isa = PBXBuildFile; fileRef = 0661BD594D05A9CAEB55F610 /* Pods_FlickrClone.framework */; };
		F260FC2E204855A900C7941A /* AppDelegate.swift in Sources */ = {isa = PBXBuildFile; fileRef = F260FC2D204855A900C7941A /* AppDelegate.swift */; };
		F260FC30204855A900C7941A /* TimelineViewController.swift in Sources */ = {isa = PBXBuildFile; fileRef = F260FC2F204855A900C7941A /* TimelineViewController.swift */; };
		F260FC35204855A900C7941A /* Assets.xcassets in Resources */ = {isa = PBXBuildFile; fileRef = F260FC34204855A900C7941A /* Assets.xcassets */; };
		F260FC38204855A900C7941A /* LaunchScreen.storyboard in Resources */ = {isa = PBXBuildFile; fileRef = F260FC36204855A900C7941A /* LaunchScreen.storyboard */; };
		F260FC42204894ED00C7941A /* Photo.swift in Sources */ = {isa = PBXBuildFile; fileRef = F260FC41204894ED00C7941A /* Photo.swift */; };
		F260FC4420489BBD00C7941A /* Photos.swift in Sources */ = {isa = PBXBuildFile; fileRef = F260FC4320489BBD00C7941A /* Photos.swift */; };
		F260FC4620489CD500C7941A /* RecentPhotoResponse.swift in Sources */ = {isa = PBXBuildFile; fileRef = F260FC4520489CD500C7941A /* RecentPhotoResponse.swift */; };
		F260FC4C20495E8800C7941A /* PhotoTableViewCell.swift in Sources */ = {isa = PBXBuildFile; fileRef = F260FC4B20495E8800C7941A /* PhotoTableViewCell.swift */; };
		F260FC4E20495E9500C7941A /* HeaderTableViewCell.swift in Sources */ = {isa = PBXBuildFile; fileRef = F260FC4D20495E9500C7941A /* HeaderTableViewCell.swift */; };
/* End PBXBuildFile section */

/* Begin PBXFileReference section */
		0661BD594D05A9CAEB55F610 /* Pods_FlickrClone.framework */ = {isa = PBXFileReference; explicitFileType = wrapper.framework; includeInIndex = 0; path = Pods_FlickrClone.framework; sourceTree = BUILT_PRODUCTS_DIR; };
		8102FA18D225D5B369EA3F57 /* Pods-FlickrClone.debug.xcconfig */ = {isa = PBXFileReference; includeInIndex = 1; lastKnownFileType = text.xcconfig; name = "Pods-FlickrClone.debug.xcconfig"; path = "Pods/Target Support Files/Pods-FlickrClone/Pods-FlickrClone.debug.xcconfig"; sourceTree = "<group>"; };
		B6423530CAABAC3B24D70707 /* Pods-FlickrClone.release.xcconfig */ = {isa = PBXFileReference; includeInIndex = 1; lastKnownFileType = text.xcconfig; name = "Pods-FlickrClone.release.xcconfig"; path = "Pods/Target Support Files/Pods-FlickrClone/Pods-FlickrClone.release.xcconfig"; sourceTree = "<group>"; };
		F260FC2A204855A900C7941A /* FlickrClone.app */ = {isa = PBXFileReference; explicitFileType = wrapper.application; includeInIndex = 0; path = FlickrClone.app; sourceTree = BUILT_PRODUCTS_DIR; };
		F260FC2D204855A900C7941A /* AppDelegate.swift */ = {isa = PBXFileReference; lastKnownFileType = sourcecode.swift; path = AppDelegate.swift; sourceTree = "<group>"; };
		F260FC2F204855A900C7941A /* TimelineViewController.swift */ = {isa = PBXFileReference; lastKnownFileType = sourcecode.swift; path = TimelineViewController.swift; sourceTree = "<group>"; };
		F260FC34204855A900C7941A /* Assets.xcassets */ = {isa = PBXFileReference; lastKnownFileType = folder.assetcatalog; path = Assets.xcassets; sourceTree = "<group>"; };
		F260FC37204855A900C7941A /* Base */ = {isa = PBXFileReference; lastKnownFileType = file.storyboard; name = Base; path = Base.lproj/LaunchScreen.storyboard; sourceTree = "<group>"; };
		F260FC39204855A900C7941A /* Info.plist */ = {isa = PBXFileReference; lastKnownFileType = text.plist.xml; path = Info.plist; sourceTree = "<group>"; };
		F260FC41204894ED00C7941A /* Photo.swift */ = {isa = PBXFileReference; lastKnownFileType = sourcecode.swift; path = Photo.swift; sourceTree = "<group>"; };
		F260FC4320489BBD00C7941A /* Photos.swift */ = {isa = PBXFileReference; lastKnownFileType = sourcecode.swift; path = Photos.swift; sourceTree = "<group>"; };
		F260FC4520489CD500C7941A /* RecentPhotoResponse.swift */ = {isa = PBXFileReference; lastKnownFileType = sourcecode.swift; path = RecentPhotoResponse.swift; sourceTree = "<group>"; };
		F260FC4B20495E8800C7941A /* PhotoTableViewCell.swift */ = {isa = PBXFileReference; lastKnownFileType = sourcecode.swift; path = PhotoTableViewCell.swift; sourceTree = "<group>"; };
		F260FC4D20495E9500C7941A /* HeaderTableViewCell.swift */ = {isa = PBXFileReference; lastKnownFileType = sourcecode.swift; path = HeaderTableViewCell.swift; sourceTree = "<group>"; };
/* End PBXFileReference section */

/* Begin PBXFrameworksBuildPhase section */
		F260FC27204855A900C7941A /* Frameworks */ = {
			isa = PBXFrameworksBuildPhase;
			buildActionMask = 2147483647;
			files = (
				A7CF1B1DBAA65D52F5BCDA73 /* Pods_FlickrClone.framework in Frameworks */,
			);
			runOnlyForDeploymentPostprocessing = 0;
		};
/* End PBXFrameworksBuildPhase section */

/* Begin PBXGroup section */
		44BF92BC63FF89414C3C87B4 /* Frameworks */ = {
			isa = PBXGroup;
			children = (
				0661BD594D05A9CAEB55F610 /* Pods_FlickrClone.framework */,
			);
			name = Frameworks;
			sourceTree = "<group>";
		};
		F260FC21204855A900C7941A = {
			isa = PBXGroup;
			children = (
				F260FC2C204855A900C7941A /* FlickrClone */,
				F260FC2B204855A900C7941A /* Products */,
				F852A00DFA8064225AB1E0D8 /* Pods */,
				44BF92BC63FF89414C3C87B4 /* Frameworks */,
			);
			sourceTree = "<group>";
		};
		F260FC2B204855A900C7941A /* Products */ = {
			isa = PBXGroup;
			children = (
				F260FC2A204855A900C7941A /* FlickrClone.app */,
			);
			name = Products;
			sourceTree = "<group>";
		};
		F260FC2C204855A900C7941A /* FlickrClone */ = {
			isa = PBXGroup;
			children = (
				F260FC4820489DBA00C7941A /* Model */,
				F260FC492048AA2E00C7941A /* View */,
				F260FC4A2048AA5400C7941A /* Controller */,
				F260FC2D204855A900C7941A /* AppDelegate.swift */,
				F260FC34204855A900C7941A /* Assets.xcassets */,
				F260FC36204855A900C7941A /* LaunchScreen.storyboard */,
				F260FC39204855A900C7941A /* Info.plist */,
			);
			path = FlickrClone;
			sourceTree = "<group>";
		};
		F260FC4820489DBA00C7941A /* Model */ = {
			isa = PBXGroup;
			children = (
				F260FC41204894ED00C7941A /* Photo.swift */,
				F260FC4320489BBD00C7941A /* Photos.swift */,
				F260FC4520489CD500C7941A /* RecentPhotoResponse.swift */,
			);
			path = Model;
			sourceTree = "<group>";
		};
		F260FC492048AA2E00C7941A /* View */ = {
			isa = PBXGroup;
			children = (
				F260FC4B20495E8800C7941A /* PhotoTableViewCell.swift */,
				F260FC4D20495E9500C7941A /* HeaderTableViewCell.swift */,
			);
			path = View;
			sourceTree = "<group>";
		};
		F260FC4A2048AA5400C7941A /* Controller */ = {
			isa = PBXGroup;
			children = (
				F260FC2F204855A900C7941A /* TimelineViewController.swift */,
			);
			path = Controller;
			sourceTree = "<group>";
		};
		F852A00DFA8064225AB1E0D8 /* Pods */ = {
			isa = PBXGroup;
			children = (
				8102FA18D225D5B369EA3F57 /* Pods-FlickrClone.debug.xcconfig */,
				B6423530CAABAC3B24D70707 /* Pods-FlickrClone.release.xcconfig */,
			);
			name = Pods;
			sourceTree = "<group>";
		};
/* End PBXGroup section */

/* Begin PBXNativeTarget section */
		F260FC29204855A900C7941A /* FlickrClone */ = {
			isa = PBXNativeTarget;
			buildConfigurationList = F260FC3C204855A900C7941A /* Build configuration list for PBXNativeTarget "FlickrClone" */;
			buildPhases = (
				7479E255FBCAE97BD7CFA838 /* [CP] Check Pods Manifest.lock */,
				F260FC26204855A900C7941A /* Sources */,
				F260FC27204855A900C7941A /* Frameworks */,
				F260FC28204855A900C7941A /* Resources */,
				AF91B37D35708C502746C063 /* [CP] Embed Pods Frameworks */,
				E7F98F0FCE9A593C9235888F /* [CP] Copy Pods Resources */,
			);
			buildRules = (
			);
			dependencies = (
			);
			name = FlickrClone;
			productName = FlickrClone;
			productReference = F260FC2A204855A900C7941A /* FlickrClone.app */;
			productType = "com.apple.product-type.application";
		};
/* End PBXNativeTarget section */

/* Begin PBXProject section */
		F260FC22204855A900C7941A /* Project object */ = {
			isa = PBXProject;
			attributes = {
				LastSwiftUpdateCheck = 0920;
				LastUpgradeCheck = 0920;
				ORGANIZATIONNAME = "Merve Ecevit";
				TargetAttributes = {
					F260FC29204855A900C7941A = {
						CreatedOnToolsVersion = 9.2;
						ProvisioningStyle = Automatic;
					};
				};
			};
			buildConfigurationList = F260FC25204855A900C7941A /* Build configuration list for PBXProject "FlickrClone" */;
			compatibilityVersion = "Xcode 8.0";
			developmentRegion = en;
			hasScannedForEncodings = 0;
			knownRegions = (
				en,
				Base,
			);
			mainGroup = F260FC21204855A900C7941A;
			productRefGroup = F260FC2B204855A900C7941A /* Products */;
			projectDirPath = "";
			projectRoot = "";
			targets = (
				F260FC29204855A900C7941A /* FlickrClone */,
			);
		};
/* End PBXProject section */

/* Begin PBXResourcesBuildPhase section */
		F260FC28204855A900C7941A /* Resources */ = {
			isa = PBXResourcesBuildPhase;
			buildActionMask = 2147483647;
			files = (
				F260FC38204855A900C7941A /* LaunchScreen.storyboard in Resources */,
				F260FC35204855A900C7941A /* Assets.xcassets in Resources */,
			);
			runOnlyForDeploymentPostprocessing = 0;
		};
/* End PBXResourcesBuildPhase section */

/* Begin PBXShellScriptBuildPhase section */
		7479E255FBCAE97BD7CFA838 /* [CP] Check Pods Manifest.lock */ = {
			isa = PBXShellScriptBuildPhase;
			buildActionMask = 2147483647;
			files = (
			);
			inputPaths = (
				"${PODS_PODFILE_DIR_PATH}/Podfile.lock",
				"${PODS_ROOT}/Manifest.lock",
			);
			name = "[CP] Check Pods Manifest.lock";
			outputPaths = (
				"$(DERIVED_FILE_DIR)/Pods-FlickrClone-checkManifestLockResult.txt",
			);
			runOnlyForDeploymentPostprocessing = 0;
			shellPath = /bin/sh;
			shellScript = "diff \"${PODS_PODFILE_DIR_PATH}/Podfile.lock\" \"${PODS_ROOT}/Manifest.lock\" > /dev/null\nif [ $? != 0 ] ; then\n    # print error to STDERR\n    echo \"error: The sandbox is not in sync with the Podfile.lock. Run 'pod install' or update your CocoaPods installation.\" >&2\n    exit 1\nfi\n# This output is used by Xcode 'outputs' to avoid re-running this script phase.\necho \"SUCCESS\" > \"${SCRIPT_OUTPUT_FILE_0}\"\n";
			showEnvVarsInLog = 0;
		};
		AF91B37D35708C502746C063 /* [CP] Embed Pods Frameworks */ = {
			isa = PBXShellScriptBuildPhase;
			buildActionMask = 2147483647;
			files = (
			);
			inputPaths = (
				"${SRCROOT}/Pods/Target Support Files/Pods-FlickrClone/Pods-FlickrClone-frameworks.sh",
				"${BUILT_PRODUCTS_DIR}/Alamofire/Alamofire.framework",
				"${BUILT_PRODUCTS_DIR}/AlamofireObjectMapper/AlamofireObjectMapper.framework",
				"${BUILT_PRODUCTS_DIR}/DGElasticPullToRefresh/DGElasticPullToRefresh.framework",
				"${BUILT_PRODUCTS_DIR}/DateToolsSwift/DateToolsSwift.framework",
				"${BUILT_PRODUCTS_DIR}/ObjectMapper/ObjectMapper.framework",
				"${BUILT_PRODUCTS_DIR}/SDWebImage/SDWebImage.framework",
				"${BUILT_PRODUCTS_DIR}/SimpleImageViewer/SimpleImageViewer.framework",
				"${BUILT_PRODUCTS_DIR}/SnapKit/SnapKit.framework",
			);
			name = "[CP] Embed Pods Frameworks";
			outputPaths = (
				"${TARGET_BUILD_DIR}/${FRAMEWORKS_FOLDER_PATH}/Alamofire.framework",
				"${TARGET_BUILD_DIR}/${FRAMEWORKS_FOLDER_PATH}/AlamofireObjectMapper.framework",
				"${TARGET_BUILD_DIR}/${FRAMEWORKS_FOLDER_PATH}/DGElasticPullToRefresh.framework",
				"${TARGET_BUILD_DIR}/${FRAMEWORKS_FOLDER_PATH}/DateToolsSwift.framework",
				"${TARGET_BUILD_DIR}/${FRAMEWORKS_FOLDER_PATH}/ObjectMapper.framework",
				"${TARGET_BUILD_DIR}/${FRAMEWORKS_FOLDER_PATH}/SDWebImage.framework",
				"${TARGET_BUILD_DIR}/${FRAMEWORKS_FOLDER_PATH}/SimpleImageViewer.framework",
				"${TARGET_BUILD_DIR}/${FRAMEWORKS_FOLDER_PATH}/SnapKit.framework",
			);
			runOnlyForDeploymentPostprocessing = 0;
			shellPath = /bin/sh;
			shellScript = "\"${SRCROOT}/Pods/Target Support Files/Pods-FlickrClone/Pods-FlickrClone-frameworks.sh\"\n";
			showEnvVarsInLog = 0;
		};
		E7F98F0FCE9A593C9235888F /* [CP] Copy Pods Resources */ = {
			isa = PBXShellScriptBuildPhase;
			buildActionMask = 2147483647;
			files = (
			);
			inputPaths = (
			);
			name = "[CP] Copy Pods Resources";
			outputPaths = (
			);
			runOnlyForDeploymentPostprocessing = 0;
			shellPath = /bin/sh;
			shellScript = "\"${SRCROOT}/Pods/Target Support Files/Pods-FlickrClone/Pods-FlickrClone-resources.sh\"\n";
			showEnvVarsInLog = 0;
		};
/* End PBXShellScriptBuildPhase section */

/* Begin PBXSourcesBuildPhase section */
		F260FC26204855A900C7941A /* Sources */ = {
			isa = PBXSourcesBuildPhase;
			buildActionMask = 2147483647;
			files = (
				F260FC4620489CD500C7941A /* RecentPhotoResponse.swift in Sources */,
				F260FC4420489BBD00C7941A /* Photos.swift in Sources */,
				F260FC4C20495E8800C7941A /* PhotoTableViewCell.swift in Sources */,
				F260FC4E20495E9500C7941A /* HeaderTableViewCell.swift in Sources */,
				F260FC42204894ED00C7941A /* Photo.swift in Sources */,
				F260FC30204855A900C7941A /* TimelineViewController.swift in Sources */,
				F260FC2E204855A900C7941A /* AppDelegate.swift in Sources */,
			);
			runOnlyForDeploymentPostprocessing = 0;
		};
/* End PBXSourcesBuildPhase section */

/* Begin PBXVariantGroup section */
		F260FC36204855A900C7941A /* LaunchScreen.storyboard */ = {
			isa = PBXVariantGroup;
			children = (
				F260FC37204855A900C7941A /* Base */,
			);
			name = LaunchScreen.storyboard;
			sourceTree = "<group>";
		};
/* End PBXVariantGroup section */

/* Begin XCBuildConfiguration section */
		F260FC3A204855A900C7941A /* Debug */ = {
			isa = XCBuildConfiguration;
			buildSettings = {
				ALWAYS_SEARCH_USER_PATHS = NO;
				CLANG_ANALYZER_NONNULL = YES;
				CLANG_ANALYZER_NUMBER_OBJECT_CONVERSION = YES_AGGRESSIVE;
				CLANG_CXX_LANGUAGE_STANDARD = "gnu++14";
				CLANG_CXX_LIBRARY = "libc++";
				CLANG_ENABLE_MODULES = YES;
				CLANG_ENABLE_OBJC_ARC = YES;
				CLANG_WARN_BLOCK_CAPTURE_AUTORELEASING = YES;
				CLANG_WARN_BOOL_CONVERSION = YES;
				CLANG_WARN_COMMA = YES;
				CLANG_WARN_CONSTANT_CONVERSION = YES;
				CLANG_WARN_DIRECT_OBJC_ISA_USAGE = YES_ERROR;
				CLANG_WARN_DOCUMENTATION_COMMENTS = YES;
				CLANG_WARN_EMPTY_BODY = YES;
				CLANG_WARN_ENUM_CONVERSION = YES;
				CLANG_WARN_INFINITE_RECURSION = YES;
				CLANG_WARN_INT_CONVERSION = YES;
				CLANG_WARN_NON_LITERAL_NULL_CONVERSION = YES;
				CLANG_WARN_OBJC_LITERAL_CONVERSION = YES;
				CLANG_WARN_OBJC_ROOT_CLASS = YES_ERROR;
				CLANG_WARN_RANGE_LOOP_ANALYSIS = YES;
				CLANG_WARN_STRICT_PROTOTYPES = YES;
				CLANG_WARN_SUSPICIOUS_MOVE = YES;
				CLANG_WARN_UNGUARDED_AVAILABILITY = YES_AGGRESSIVE;
				CLANG_WARN_UNREACHABLE_CODE = YES;
				CLANG_WARN__DUPLICATE_METHOD_MATCH = YES;
				CODE_SIGN_IDENTITY = "iPhone Developer";
				COPY_PHASE_STRIP = NO;
				DEBUG_INFORMATION_FORMAT = dwarf;
				ENABLE_STRICT_OBJC_MSGSEND = YES;
				ENABLE_TESTABILITY = YES;
				GCC_C_LANGUAGE_STANDARD = gnu11;
				GCC_DYNAMIC_NO_PIC = NO;
				GCC_NO_COMMON_BLOCKS = YES;
				GCC_OPTIMIZATION_LEVEL = 0;
				GCC_PREPROCESSOR_DEFINITIONS = (
					"DEBUG=1",
					"$(inherited)",
				);
				GCC_WARN_64_TO_32_BIT_CONVERSION = YES;
				GCC_WARN_ABOUT_RETURN_TYPE = YES_ERROR;
				GCC_WARN_UNDECLARED_SELECTOR = YES;
				GCC_WARN_UNINITIALIZED_AUTOS = YES_AGGRESSIVE;
				GCC_WARN_UNUSED_FUNCTION = YES;
				GCC_WARN_UNUSED_VARIABLE = YES;
				IPHONEOS_DEPLOYMENT_TARGET = 11.2;
				MTL_ENABLE_DEBUG_INFO = YES;
				ONLY_ACTIVE_ARCH = YES;
				SDKROOT = iphoneos;
				SWIFT_ACTIVE_COMPILATION_CONDITIONS = DEBUG;
				SWIFT_OPTIMIZATION_LEVEL = "-Onone";
			};
			name = Debug;
		};
		F260FC3B204855A900C7941A /* Release */ = {
			isa = XCBuildConfiguration;
			buildSettings = {
				ALWAYS_SEARCH_USER_PATHS = NO;
				CLANG_ANALYZER_NONNULL = YES;
				CLANG_ANALYZER_NUMBER_OBJECT_CONVERSION = YES_AGGRESSIVE;
				CLANG_CXX_LANGUAGE_STANDARD = "gnu++14";
				CLANG_CXX_LIBRARY = "libc++";
				CLANG_ENABLE_MODULES = YES;
				CLANG_ENABLE_OBJC_ARC = YES;
				CLANG_WARN_BLOCK_CAPTURE_AUTORELEASING = YES;
				CLANG_WARN_BOOL_CONVERSION = YES;
				CLANG_WARN_COMMA = YES;
				CLANG_WARN_CONSTANT_CONVERSION = YES;
				CLANG_WARN_DIRECT_OBJC_ISA_USAGE = YES_ERROR;
				CLANG_WARN_DOCUMENTATION_COMMENTS = YES;
				CLANG_WARN_EMPTY_BODY = YES;
				CLANG_WARN_ENUM_CONVERSION = YES;
				CLANG_WARN_INFINITE_RECURSION = YES;
				CLANG_WARN_INT_CONVERSION = YES;
				CLANG_WARN_NON_LITERAL_NULL_CONVERSION = YES;
				CLANG_WARN_OBJC_LITERAL_CONVERSION = YES;
				CLANG_WARN_OBJC_ROOT_CLASS = YES_ERROR;
				CLANG_WARN_RANGE_LOOP_ANALYSIS = YES;
				CLANG_WARN_STRICT_PROTOTYPES = YES;
				CLANG_WARN_SUSPICIOUS_MOVE = YES;
				CLANG_WARN_UNGUARDED_AVAILABILITY = YES_AGGRESSIVE;
				CLANG_WARN_UNREACHABLE_CODE = YES;
				CLANG_WARN__DUPLICATE_METHOD_MATCH = YES;
				CODE_SIGN_IDENTITY = "iPhone Developer";
				COPY_PHASE_STRIP = NO;
				DEBUG_INFORMATION_FORMAT = "dwarf-with-dsym";
				ENABLE_NS_ASSERTIONS = NO;
				ENABLE_STRICT_OBJC_MSGSEND = YES;
				GCC_C_LANGUAGE_STANDARD = gnu11;
				GCC_NO_COMMON_BLOCKS = YES;
				GCC_WARN_64_TO_32_BIT_CONVERSION = YES;
				GCC_WARN_ABOUT_RETURN_TYPE = YES_ERROR;
				GCC_WARN_UNDECLARED_SELECTOR = YES;
				GCC_WARN_UNINITIALIZED_AUTOS = YES_AGGRESSIVE;
				GCC_WARN_UNUSED_FUNCTION = YES;
				GCC_WARN_UNUSED_VARIABLE = YES;
				IPHONEOS_DEPLOYMENT_TARGET = 11.2;
				MTL_ENABLE_DEBUG_INFO = NO;
				SDKROOT = iphoneos;
				SWIFT_OPTIMIZATION_LEVEL = "-Owholemodule";
				VALIDATE_PRODUCT = YES;
			};
			name = Release;
		};
		F260FC3D204855A900C7941A /* Debug */ = {
			isa = XCBuildConfiguration;
			baseConfigurationReference = 8102FA18D225D5B369EA3F57 /* Pods-FlickrClone.debug.xcconfig */;
			buildSettings = {
				ASSETCATALOG_COMPILER_APPICON_NAME = AppIcon;
				CODE_SIGN_STYLE = Automatic;
				DEVELOPMENT_TEAM = WC226M68Z6;
				INFOPLIST_FILE = FlickrClone/Info.plist;
				LD_RUNPATH_SEARCH_PATHS = "$(inherited) @executable_path/Frameworks";
				PRODUCT_BUNDLE_IDENTIFIER = com.mervecevit.FlickrClone;
				PRODUCT_NAME = "$(TARGET_NAME)";
				SWIFT_VERSION = 4.0;
				TARGETED_DEVICE_FAMILY = "1,2";
			};
			name = Debug;
		};
		F260FC3E204855A900C7941A /* Release */ = {
			isa = XCBuildConfiguration;
			baseConfigurationReference = B6423530CAABAC3B24D70707 /* Pods-FlickrClone.release.xcconfig */;
			buildSettings = {
				ASSETCATALOG_COMPILER_APPICON_NAME = AppIcon;
				CODE_SIGN_STYLE = Automatic;
				DEVELOPMENT_TEAM = WC226M68Z6;
				INFOPLIST_FILE = FlickrClone/Info.plist;
				LD_RUNPATH_SEARCH_PATHS = "$(inherited) @executable_path/Frameworks";
				PRODUCT_BUNDLE_IDENTIFIER = com.mervecevit.FlickrClone;
				PRODUCT_NAME = "$(TARGET_NAME)";
				SWIFT_VERSION = 4.0;
				TARGETED_DEVICE_FAMILY = "1,2";
			};
			name = Release;
		};
/* End XCBuildConfiguration section */

/* Begin XCConfigurationList section */
		F260FC25204855A900C7941A /* Build configuration list for PBXProject "FlickrClone" */ = {
			isa = XCConfigurationList;
			buildConfigurations = (
				F260FC3A204855A900C7941A /* Debug */,
				F260FC3B204855A900C7941A /* Release */,
			);
			defaultConfigurationIsVisible = 0;
			defaultConfigurationName = Release;
		};
		F260FC3C204855A900C7941A /* Build configuration list for PBXNativeTarget "FlickrClone" */ = {
			isa = XCConfigurationList;
			buildConfigurations = (
				F260FC3D204855A900C7941A /* Debug */,
				F260FC3E204855A900C7941A /* Release */,
			);
			defaultConfigurationIsVisible = 0;
			defaultConfigurationName = Release;
		};
/* End XCConfigurationList section */
	};
	rootObject = F260FC22204855A900C7941A /* Project object */;
}
